
Microsoft Visual Studio Solution File, Format Version 12.00
# Visual Studio 14
VisualStudioVersion = 14.0.24720.0
MinimumVisualStudioVersion = 10.0.40219.1
Project("{FAE04EC0-301F-11D3-BF4B-00C04F79EFBC}") = "admaos.AspNet.Identity.RavenDB", "admaos.AspNet.Identity.RavenDB\admaos.AspNet.Identity.RavenDB.csproj", "{1984071D-2C1B-4DCF-80EB-C106126B71AE}"
EndProject
Project("{FAE04EC0-301F-11D3-BF4B-00C04F79EFBC}") = "admaos.AspNet.Identity.RavenDB.Tests", "admaos.AspNet.Identity.RavenDB.Tests\admaos.AspNet.Identity.RavenDB.Tests.csproj", "{04883BBC-68B4-4A17-9F5F-0AC006CDFB8A}"
EndProject
Global
	GlobalSection(SolutionConfigurationPlatforms) = preSolution
		Debug|Any CPU = Debug|Any CPU
		Release|Any CPU = Release|Any CPU
	EndGlobalSection
	GlobalSection(ProjectConfigurationPlatforms) = postSolution
		{1984071D-2C1B-4DCF-80EB-C106126B71AE}.Debug|Any CPU.ActiveCfg = Debug|Any CPU
		{1984071D-2C1B-4DCF-80EB-C106126B71AE}.Debug|Any CPU.Build.0 = Debug|Any CPU
		{1984071D-2C1B-4DCF-80EB-C106126B71AE}.Release|Any CPU.ActiveCfg = Release|Any CPU
		{1984071D-2C1B-4DCF-80EB-C106126B71AE}.Release|Any CPU.Build.0 = Release|Any CPU
		{04883BBC-68B4-4A17-9F5F-0AC006CDFB8A}.Debug|Any CPU.ActiveCfg = Debug|Any CPU
		{04883BBC-68B4-4A17-9F5F-0AC006CDFB8A}.Debug|Any CPU.Build.0 = Debug|Any CPU
		{04883BBC-68B4-4A17-9F5F-0AC006CDFB8A}.Release|Any CPU.ActiveCfg = Release|Any CPU
		{04883BBC-68B4-4A17-9F5F-0AC006CDFB8A}.Release|Any CPU.Build.0 = Release|Any CPU
	EndGlobalSection
	GlobalSection(SolutionProperties) = preSolution
		HideSolutionNode = FALSE
	EndGlobalSection
EndGlobal
